
Microsoft Visual Studio Solution File, Format Version 12.00
# Visual Studio Version 16
VisualStudioVersion = 16.0.29411.108
MinimumVisualStudioVersion = 10.0.40219.1
Project("{FAE04EC0-301F-11D3-BF4B-00C04F79EFBC}") = "HelloWorld-3", "HelloWorld-3\HelloWorld-3.csproj", "{010BF8B4-F3DC-4EE4-B4F1-B12837191A1C}"
EndProject
Global
	GlobalSection(SolutionConfigurationPlatforms) = preSolution
		Debug|Any CPU = Debug|Any CPU
		Release|Any CPU = Release|Any CPU
	EndGlobalSection
	GlobalSection(ProjectConfigurationPlatforms) = postSolution
		{010BF8B4-F3DC-4EE4-B4F1-B12837191A1C}.Debug|Any CPU.ActiveCfg = Debug|Any CPU
		{010BF8B4-F3DC-4EE4-B4F1-B12837191A1C}.Debug|Any CPU.Build.0 = Debug|Any CPU
		{010BF8B4-F3DC-4EE4-B4F1-B12837191A1C}.Release|Any CPU.ActiveCfg = Release|Any CPU
		{010BF8B4-F3DC-4EE4-B4F1-B12837191A1C}.Release|Any CPU.Build.0 = Release|Any CPU
	EndGlobalSection
	GlobalSection(SolutionProperties) = preSolution
		HideSolutionNode = FALSE
	EndGlobalSection
	GlobalSection(ExtensibilityGlobals) = postSolution
		SolutionGuid = {5FB2E569-1B3F-4758-B93D-9E4B0206D21B}
	EndGlobalSection
EndGlobal
